// !$*UTF8*$!
{
	archiveVersion = 1;
	classes = {
	};
	objectVersion = 46;
	objects = {

/* Begin PBXBuildFile section */
		504B71F01B719D9200D446DC /* main.m in Sources */ = {isa = PBXBuildFile; fileRef = 504B71EF1B719D9200D446DC /* main.m */; };
		504B71F31B719D9200D446DC /* AppDelegate.m in Sources */ = {isa = PBXBuildFile; fileRef = 504B71F21B719D9200D446DC /* AppDelegate.m */; };
		504B71F91B719D9200D446DC /* Main.storyboard in Resources */ = {isa = PBXBuildFile; fileRef = 504B71F71B719D9200D446DC /* Main.storyboard */; };
		504B71FB1B719D9200D446DC /* Images.xcassets in Resources */ = {isa = PBXBuildFile; fileRef = 504B71FA1B719D9200D446DC /* Images.xcassets */; };
		504B71FE1B719D9200D446DC /* LaunchScreen.xib in Resources */ = {isa = PBXBuildFile; fileRef = 504B71FC1B719D9200D446DC /* LaunchScreen.xib */; };
		504B720A1B719D9200D446DC /* WWHLoginViewControllerDemoTests.m in Sources */ = {isa = PBXBuildFile; fileRef = 504B72091B719D9200D446DC /* WWHLoginViewControllerDemoTests.m */; };
		504B721E1B71A2D700D446DC /* WWHLoginViewController.m in Sources */ = {isa = PBXBuildFile; fileRef = 504B721D1B71A2D700D446DC /* WWHLoginViewController.m */; };
		504B72211B71A30000D446DC /* WWHMainViewController.m in Sources */ = {isa = PBXBuildFile; fileRef = 504B72201B71A30000D446DC /* WWHMainViewController.m */; };
		504B726E1B71A64900D446DC /* Info.plist in Resources */ = {isa = PBXBuildFile; fileRef = 504B72541B71A64900D446DC /* Info.plist */; };
		504B726F1B71A64900D446DC /* Info.plist in Resources */ = {isa = PBXBuildFile; fileRef = 504B72541B71A64900D446DC /* Info.plist */; };
		504B72701B71A64900D446DC /* MASCompositeConstraint.m in Sources */ = {isa = PBXBuildFile; fileRef = 504B72561B71A64900D446DC /* MASCompositeConstraint.m */; };
		504B72711B71A64900D446DC /* MASCompositeConstraint.m in Sources */ = {isa = PBXBuildFile; fileRef = 504B72561B71A64900D446DC /* MASCompositeConstraint.m */; };
		504B72721B71A64900D446DC /* MASConstraint.m in Sources */ = {isa = PBXBuildFile; fileRef = 504B72591B71A64900D446DC /* MASConstraint.m */; };
		504B72731B71A64900D446DC /* MASConstraint.m in Sources */ = {isa = PBXBuildFile; fileRef = 504B72591B71A64900D446DC /* MASConstraint.m */; };
		504B72741B71A64900D446DC /* MASConstraintMaker.m in Sources */ = {isa = PBXBuildFile; fileRef = 504B725B1B71A64900D446DC /* MASConstraintMaker.m */; };
		504B72751B71A64900D446DC /* MASConstraintMaker.m in Sources */ = {isa = PBXBuildFile; fileRef = 504B725B1B71A64900D446DC /* MASConstraintMaker.m */; };
		504B72761B71A64900D446DC /* MASLayoutConstraint.m in Sources */ = {isa = PBXBuildFile; fileRef = 504B725D1B71A64900D446DC /* MASLayoutConstraint.m */; };
		504B72771B71A64900D446DC /* MASLayoutConstraint.m in Sources */ = {isa = PBXBuildFile; fileRef = 504B725D1B71A64900D446DC /* MASLayoutConstraint.m */; };
		504B72781B71A64900D446DC /* MASViewAttribute.m in Sources */ = {isa = PBXBuildFile; fileRef = 504B72611B71A64900D446DC /* MASViewAttribute.m */; };
		504B72791B71A64900D446DC /* MASViewAttribute.m in Sources */ = {isa = PBXBuildFile; fileRef = 504B72611B71A64900D446DC /* MASViewAttribute.m */; };
		504B727A1B71A64900D446DC /* MASViewConstraint.m in Sources */ = {isa = PBXBuildFile; fileRef = 504B72631B71A64900D446DC /* MASViewConstraint.m */; };
		504B727B1B71A64900D446DC /* MASViewConstraint.m in Sources */ = {isa = PBXBuildFile; fileRef = 504B72631B71A64900D446DC /* MASViewConstraint.m */; };
		504B727C1B71A64900D446DC /* NSArray+MASAdditions.m in Sources */ = {isa = PBXBuildFile; fileRef = 504B72651B71A64900D446DC /* NSArray+MASAdditions.m */; };
		504B727D1B71A64900D446DC /* NSArray+MASAdditions.m in Sources */ = {isa = PBXBuildFile; fileRef = 504B72651B71A64900D446DC /* NSArray+MASAdditions.m */; };
		504B727E1B71A64900D446DC /* NSLayoutConstraint+MASDebugAdditions.m in Sources */ = {isa = PBXBuildFile; fileRef = 504B72681B71A64900D446DC /* NSLayoutConstraint+MASDebugAdditions.m */; };
		504B727F1B71A64900D446DC /* NSLayoutConstraint+MASDebugAdditions.m in Sources */ = {isa = PBXBuildFile; fileRef = 504B72681B71A64900D446DC /* NSLayoutConstraint+MASDebugAdditions.m */; };
		504B72801B71A64900D446DC /* View+MASAdditions.m in Sources */ = {isa = PBXBuildFile; fileRef = 504B726A1B71A64900D446DC /* View+MASAdditions.m */; };
		504B72811B71A64900D446DC /* View+MASAdditions.m in Sources */ = {isa = PBXBuildFile; fileRef = 504B726A1B71A64900D446DC /* View+MASAdditions.m */; };
		504B72821B71A64900D446DC /* ViewController+MASAdditions.m in Sources */ = {isa = PBXBuildFile; fileRef = 504B726D1B71A64900D446DC /* ViewController+MASAdditions.m */; };
		504B72831B71A64900D446DC /* ViewController+MASAdditions.m in Sources */ = {isa = PBXBuildFile; fileRef = 504B726D1B71A64900D446DC /* ViewController+MASAdditions.m */; };
/* End PBXBuildFile section */

/* Begin PBXContainerItemProxy section */
		504B72041B719D9200D446DC /* PBXContainerItemProxy */ = {
			isa = PBXContainerItemProxy;
			containerPortal = 504B71E21B719D9200D446DC /* Project object */;
			proxyType = 1;
			remoteGlobalIDString = 504B71E91B719D9200D446DC;
			remoteInfo = WWHLoginViewControllerDemo;
		};
/* End PBXContainerItemProxy section */

/* Begin PBXFileReference section */
		504B71EA1B719D9200D446DC /* WWHLoginViewControllerDemo.app */ = {isa = PBXFileReference; explicitFileType = wrapper.application; includeInIndex = 0; path = WWHLoginViewControllerDemo.app; sourceTree = BUILT_PRODUCTS_DIR; };
		504B71EE1B719D9200D446DC /* Info.plist */ = {isa = PBXFileReference; lastKnownFileType = text.plist.xml; path = Info.plist; sourceTree = "<group>"; };
		504B71EF1B719D9200D446DC /* main.m */ = {isa = PBXFileReference; lastKnownFileType = sourcecode.c.objc; path = main.m; sourceTree = "<group>"; };
		504B71F11B719D9200D446DC /* AppDelegate.h */ = {isa = PBXFileReference; lastKnownFileType = sourcecode.c.h; path = AppDelegate.h; sourceTree = "<group>"; };
		504B71F21B719D9200D446DC /* AppDelegate.m */ = {isa = PBXFileReference; lastKnownFileType = sourcecode.c.objc; path = AppDelegate.m; sourceTree = "<group>"; };
		504B71F81B719D9200D446DC /* Base */ = {isa = PBXFileReference; lastKnownFileType = file.storyboard; name = Base; path = Base.lproj/Main.storyboard; sourceTree = "<group>"; };
		504B71FA1B719D9200D446DC /* Images.xcassets */ = {isa = PBXFileReference; lastKnownFileType = folder.assetcatalog; path = Images.xcassets; sourceTree = "<group>"; };
		504B71FD1B719D9200D446DC /* Base */ = {isa = PBXFileReference; lastKnownFileType = file.xib; name = Base; path = Base.lproj/LaunchScreen.xib; sourceTree = "<group>"; };
		504B72031B719D9200D446DC /* WWHLoginViewControllerDemoTests.xctest */ = {isa = PBXFileReference; explicitFileType = wrapper.cfbundle; includeInIndex = 0; path = WWHLoginViewControllerDemoTests.xctest; sourceTree = BUILT_PRODUCTS_DIR; };
		504B72081B719D9200D446DC /* Info.plist */ = {isa = PBXFileReference; lastKnownFileType = text.plist.xml; path = Info.plist; sourceTree = "<group>"; };
		504B72091B719D9200D446DC /* WWHLoginViewControllerDemoTests.m */ = {isa = PBXFileReference; lastKnownFileType = sourcecode.c.objc; path = WWHLoginViewControllerDemoTests.m; sourceTree = "<group>"; };
		504B721C1B71A2D700D446DC /* WWHLoginViewController.h */ = {isa = PBXFileReference; fileEncoding = 4; lastKnownFileType = sourcecode.c.h; path = WWHLoginViewController.h; sourceTree = "<group>"; };
		504B721D1B71A2D700D446DC /* WWHLoginViewController.m */ = {isa = PBXFileReference; fileEncoding = 4; lastKnownFileType = sourcecode.c.objc; path = WWHLoginViewController.m; sourceTree = "<group>"; };
		504B721F1B71A30000D446DC /* WWHMainViewController.h */ = {isa = PBXFileReference; fileEncoding = 4; lastKnownFileType = sourcecode.c.h; path = WWHMainViewController.h; sourceTree = "<group>"; };
		504B72201B71A30000D446DC /* WWHMainViewController.m */ = {isa = PBXFileReference; fileEncoding = 4; lastKnownFileType = sourcecode.c.objc; path = WWHMainViewController.m; sourceTree = "<group>"; };
		504B72541B71A64900D446DC /* Info.plist */ = {isa = PBXFileReference; fileEncoding = 4; lastKnownFileType = text.plist.xml; path = Info.plist; sourceTree = "<group>"; };
		504B72551B71A64900D446DC /* MASCompositeConstraint.h */ = {isa = PBXFileReference; fileEncoding = 4; lastKnownFileType = sourcecode.c.h; path = MASCompositeConstraint.h; sourceTree = "<group>"; };
		504B72561B71A64900D446DC /* MASCompositeConstraint.m */ = {isa = PBXFileReference; fileEncoding = 4; lastKnownFileType = sourcecode.c.objc; path = MASCompositeConstraint.m; sourceTree = "<group>"; };
		504B72571B71A64900D446DC /* MASConstraint+Private.h */ = {isa = PBXFileReference; fileEncoding = 4; lastKnownFileType = sourcecode.c.h; path = "MASConstraint+Private.h"; sourceTree = "<group>"; };
		504B72581B71A64900D446DC /* MASConstraint.h */ = {isa = PBXFileReference; fileEncoding = 4; lastKnownFileType = sourcecode.c.h; path = MASConstraint.h; sourceTree = "<group>"; };
		504B72591B71A64900D446DC /* MASConstraint.m */ = {isa = PBXFileReference; fileEncoding = 4; lastKnownFileType = sourcecode.c.objc; path = MASConstraint.m; sourceTree = "<group>"; };
		504B725A1B71A64900D446DC /* MASConstraintMaker.h */ = {isa = PBXFileReference; fileEncoding = 4; lastKnownFileType = sourcecode.c.h; path = MASConstraintMaker.h; sourceTree = "<group>"; };
		504B725B1B71A64900D446DC /* MASConstraintMaker.m */ = {isa = PBXFileReference; fileEncoding = 4; lastKnownFileType = sourcecode.c.objc; path = MASConstraintMaker.m; sourceTree = "<group>"; };
		504B725C1B71A64900D446DC /* MASLayoutConstraint.h */ = {isa = PBXFileReference; fileEncoding = 4; lastKnownFileType = sourcecode.c.h; path = MASLayoutConstraint.h; sourceTree = "<group>"; };
		504B725D1B71A64900D446DC /* MASLayoutConstraint.m */ = {isa = PBXFileReference; fileEncoding = 4; lastKnownFileType = sourcecode.c.objc; path = MASLayoutConstraint.m; sourceTree = "<group>"; };
		504B725E1B71A64900D446DC /* Masonry.h */ = {isa = PBXFileReference; fileEncoding = 4; lastKnownFileType = sourcecode.c.h; path = Masonry.h; sourceTree = "<group>"; };
		504B725F1B71A64900D446DC /* MASUtilities.h */ = {isa = PBXFileReference; fileEncoding = 4; lastKnownFileType = sourcecode.c.h; path = MASUtilities.h; sourceTree = "<group>"; };
		504B72601B71A64900D446DC /* MASViewAttribute.h */ = {isa = PBXFileReference; fileEncoding = 4; lastKnownFileType = sourcecode.c.h; path = MASViewAttribute.h; sourceTree = "<group>"; };
		504B72611B71A64900D446DC /* MASViewAttribute.m */ = {isa = PBXFileReference; fileEncoding = 4; lastKnownFileType = sourcecode.c.objc; path = MASViewAttribute.m; sourceTree = "<group>"; };
		504B72621B71A64900D446DC /* MASViewConstraint.h */ = {isa = PBXFileReference; fileEncoding = 4; lastKnownFileType = sourcecode.c.h; path = MASViewConstraint.h; sourceTree = "<group>"; };
		504B72631B71A64900D446DC /* MASViewConstraint.m */ = {isa = PBXFileReference; fileEncoding = 4; lastKnownFileType = sourcecode.c.objc; path = MASViewConstraint.m; sourceTree = "<group>"; };
		504B72641B71A64900D446DC /* NSArray+MASAdditions.h */ = {isa = PBXFileReference; fileEncoding = 4; lastKnownFileType = sourcecode.c.h; path = "NSArray+MASAdditions.h"; sourceTree = "<group>"; };
		504B72651B71A64900D446DC /* NSArray+MASAdditions.m */ = {isa = PBXFileReference; fileEncoding = 4; lastKnownFileType = sourcecode.c.objc; path = "NSArray+MASAdditions.m"; sourceTree = "<group>"; };
		504B72661B71A64900D446DC /* NSArray+MASShorthandAdditions.h */ = {isa = PBXFileReference; fileEncoding = 4; lastKnownFileType = sourcecode.c.h; path = "NSArray+MASShorthandAdditions.h"; sourceTree = "<group>"; };
		504B72671B71A64900D446DC /* NSLayoutConstraint+MASDebugAdditions.h */ = {isa = PBXFileReference; fileEncoding = 4; lastKnownFileType = sourcecode.c.h; path = "NSLayoutConstraint+MASDebugAdditions.h"; sourceTree = "<group>"; };
		504B72681B71A64900D446DC /* NSLayoutConstraint+MASDebugAdditions.m */ = {isa = PBXFileReference; fileEncoding = 4; lastKnownFileType = sourcecode.c.objc; path = "NSLayoutConstraint+MASDebugAdditions.m"; sourceTree = "<group>"; };
		504B72691B71A64900D446DC /* View+MASAdditions.h */ = {isa = PBXFileReference; fileEncoding = 4; lastKnownFileType = sourcecode.c.h; path = "View+MASAdditions.h"; sourceTree = "<group>"; };
		504B726A1B71A64900D446DC /* View+MASAdditions.m */ = {isa = PBXFileReference; fileEncoding = 4; lastKnownFileType = sourcecode.c.objc; path = "View+MASAdditions.m"; sourceTree = "<group>"; };
		504B726B1B71A64900D446DC /* View+MASShorthandAdditions.h */ = {isa = PBXFileReference; fileEncoding = 4; lastKnownFileType = sourcecode.c.h; path = "View+MASShorthandAdditions.h"; sourceTree = "<group>"; };
		504B726C1B71A64900D446DC /* ViewController+MASAdditions.h */ = {isa = PBXFileReference; fileEncoding = 4; lastKnownFileType = sourcecode.c.h; path = "ViewController+MASAdditions.h"; sourceTree = "<group>"; };
		504B726D1B71A64900D446DC /* ViewController+MASAdditions.m */ = {isa = PBXFileReference; fileEncoding = 4; lastKnownFileType = sourcecode.c.objc; path = "ViewController+MASAdditions.m"; sourceTree = "<group>"; };
/* End PBXFileReference section */

/* Begin PBXFrameworksBuildPhase section */
		504B71E71B719D9200D446DC /* Frameworks */ = {
			isa = PBXFrameworksBuildPhase;
			buildActionMask = 2147483647;
			files = (
			);
			runOnlyForDeploymentPostprocessing = 0;
		};
		504B72001B719D9200D446DC /* Frameworks */ = {
			isa = PBXFrameworksBuildPhase;
			buildActionMask = 2147483647;
			files = (
			);
			runOnlyForDeploymentPostprocessing = 0;
		};
/* End PBXFrameworksBuildPhase section */

/* Begin PBXGroup section */
		504B71E11B719D9200D446DC = {
			isa = PBXGroup;
			children = (
				504B72531B71A64900D446DC /* Masonry */,
				504B71EC1B719D9200D446DC /* WWHLoginViewControllerDemo */,
				504B72061B719D9200D446DC /* WWHLoginViewControllerDemoTests */,
				504B71EB1B719D9200D446DC /* Products */,
			);
			sourceTree = "<group>";
		};
		504B71EB1B719D9200D446DC /* Products */ = {
			isa = PBXGroup;
			children = (
				504B71EA1B719D9200D446DC /* WWHLoginViewControllerDemo.app */,
				504B72031B719D9200D446DC /* WWHLoginViewControllerDemoTests.xctest */,
			);
			name = Products;
			sourceTree = "<group>";
		};
		504B71EC1B719D9200D446DC /* WWHLoginViewControllerDemo */ = {
			isa = PBXGroup;
			children = (
				504B71F11B719D9200D446DC /* AppDelegate.h */,
				504B71F21B719D9200D446DC /* AppDelegate.m */,
				504B721C1B71A2D700D446DC /* WWHLoginViewController.h */,
				504B721D1B71A2D700D446DC /* WWHLoginViewController.m */,
				504B721F1B71A30000D446DC /* WWHMainViewController.h */,
				504B72201B71A30000D446DC /* WWHMainViewController.m */,
				504B71F71B719D9200D446DC /* Main.storyboard */,
				504B71FA1B719D9200D446DC /* Images.xcassets */,
				504B71FC1B719D9200D446DC /* LaunchScreen.xib */,
				504B71ED1B719D9200D446DC /* Supporting Files */,
			);
			path = WWHLoginViewControllerDemo;
			sourceTree = "<group>";
		};
		504B71ED1B719D9200D446DC /* Supporting Files */ = {
			isa = PBXGroup;
			children = (
				504B71EE1B719D9200D446DC /* Info.plist */,
				504B71EF1B719D9200D446DC /* main.m */,
			);
			name = "Supporting Files";
			sourceTree = "<group>";
		};
		504B72061B719D9200D446DC /* WWHLoginViewControllerDemoTests */ = {
			isa = PBXGroup;
			children = (
				504B72091B719D9200D446DC /* WWHLoginViewControllerDemoTests.m */,
				504B72071B719D9200D446DC /* Supporting Files */,
			);
			path = WWHLoginViewControllerDemoTests;
			sourceTree = "<group>";
		};
		504B72071B719D9200D446DC /* Supporting Files */ = {
			isa = PBXGroup;
			children = (
				504B72081B719D9200D446DC /* Info.plist */,
			);
			name = "Supporting Files";
			sourceTree = "<group>";
		};
		504B72531B71A64900D446DC /* Masonry */ = {
			isa = PBXGroup;
			children = (
				504B72541B71A64900D446DC /* Info.plist */,
				504B72551B71A64900D446DC /* MASCompositeConstraint.h */,
				504B72561B71A64900D446DC /* MASCompositeConstraint.m */,
				504B72571B71A64900D446DC /* MASConstraint+Private.h */,
				504B72581B71A64900D446DC /* MASConstraint.h */,
				504B72591B71A64900D446DC /* MASConstraint.m */,
				504B725A1B71A64900D446DC /* MASConstraintMaker.h */,
				504B725B1B71A64900D446DC /* MASConstraintMaker.m */,
				504B725C1B71A64900D446DC /* MASLayoutConstraint.h */,
				504B725D1B71A64900D446DC /* MASLayoutConstraint.m */,
				504B725E1B71A64900D446DC /* Masonry.h */,
				504B725F1B71A64900D446DC /* MASUtilities.h */,
				504B72601B71A64900D446DC /* MASViewAttribute.h */,
				504B72611B71A64900D446DC /* MASViewAttribute.m */,
				504B72621B71A64900D446DC /* MASViewConstraint.h */,
				504B72631B71A64900D446DC /* MASViewConstraint.m */,
				504B72641B71A64900D446DC /* NSArray+MASAdditions.h */,
				504B72651B71A64900D446DC /* NSArray+MASAdditions.m */,
				504B72661B71A64900D446DC /* NSArray+MASShorthandAdditions.h */,
				504B72671B71A64900D446DC /* NSLayoutConstraint+MASDebugAdditions.h */,
				504B72681B71A64900D446DC /* NSLayoutConstraint+MASDebugAdditions.m */,
				504B72691B71A64900D446DC /* View+MASAdditions.h */,
				504B726A1B71A64900D446DC /* View+MASAdditions.m */,
				504B726B1B71A64900D446DC /* View+MASShorthandAdditions.h */,
				504B726C1B71A64900D446DC /* ViewController+MASAdditions.h */,
				504B726D1B71A64900D446DC /* ViewController+MASAdditions.m */,
			);
			path = Masonry;
			sourceTree = "<group>";
		};
/* End PBXGroup section */

/* Begin PBXNativeTarget section */
		504B71E91B719D9200D446DC /* WWHLoginViewControllerDemo */ = {
			isa = PBXNativeTarget;
			buildConfigurationList = 504B720D1B719D9200D446DC /* Build configuration list for PBXNativeTarget "WWHLoginViewControllerDemo" */;
			buildPhases = (
				504B71E61B719D9200D446DC /* Sources */,
				504B71E71B719D9200D446DC /* Frameworks */,
				504B71E81B719D9200D446DC /* Resources */,
			);
			buildRules = (
			);
			dependencies = (
			);
			name = WWHLoginViewControllerDemo;
			productName = WWHLoginViewControllerDemo;
			productReference = 504B71EA1B719D9200D446DC /* WWHLoginViewControllerDemo.app */;
			productType = "com.apple.product-type.application";
		};
		504B72021B719D9200D446DC /* WWHLoginViewControllerDemoTests */ = {
			isa = PBXNativeTarget;
			buildConfigurationList = 504B72101B719D9200D446DC /* Build configuration list for PBXNativeTarget "WWHLoginViewControllerDemoTests" */;
			buildPhases = (
				504B71FF1B719D9200D446DC /* Sources */,
				504B72001B719D9200D446DC /* Frameworks */,
				504B72011B719D9200D446DC /* Resources */,
			);
			buildRules = (
			);
			dependencies = (
				504B72051B719D9200D446DC /* PBXTargetDependency */,
			);
			name = WWHLoginViewControllerDemoTests;
			productName = WWHLoginViewControllerDemoTests;
			productReference = 504B72031B719D9200D446DC /* WWHLoginViewControllerDemoTests.xctest */;
			productType = "com.apple.product-type.bundle.unit-test";
		};
/* End PBXNativeTarget section */

/* Begin PBXProject section */
		504B71E21B719D9200D446DC /* Project object */ = {
			isa = PBXProject;
			attributes = {
				LastUpgradeCheck = 0640;
				ORGANIZATIONNAME = sj.com.wwh;
				TargetAttributes = {
					504B71E91B719D9200D446DC = {
						CreatedOnToolsVersion = 6.4;
					};
					504B72021B719D9200D446DC = {
						CreatedOnToolsVersion = 6.4;
						TestTargetID = 504B71E91B719D9200D446DC;
					};
				};
			};
			buildConfigurationList = 504B71E51B719D9200D446DC /* Build configuration list for PBXProject "WWHLoginViewControllerDemo" */;
			compatibilityVersion = "Xcode 3.2";
			developmentRegion = English;
			hasScannedForEncodings = 0;
			knownRegions = (
				en,
				Base,
			);
			mainGroup = 504B71E11B719D9200D446DC;
			productRefGroup = 504B71EB1B719D9200D446DC /* Products */;
			projectDirPath = "";
			projectRoot = "";
			targets = (
				504B71E91B719D9200D446DC /* WWHLoginViewControllerDemo */,
				504B72021B719D9200D446DC /* WWHLoginViewControllerDemoTests */,
			);
		};
/* End PBXProject section */

/* Begin PBXResourcesBuildPhase section */
		504B71E81B719D9200D446DC /* Resources */ = {
			isa = PBXResourcesBuildPhase;
			buildActionMask = 2147483647;
			files = (
				504B726E1B71A64900D446DC /* Info.plist in Resources */,
				504B71F91B719D9200D446DC /* Main.storyboard in Resources */,
				504B71FE1B719D9200D446DC /* LaunchScreen.xib in Resources */,
				504B71FB1B719D9200D446DC /* Images.xcassets in Resources */,
			);
			runOnlyForDeploymentPostprocessing = 0;
		};
		504B72011B719D9200D446DC /* Resources */ = {
			isa = PBXResourcesBuildPhase;
			buildActionMask = 2147483647;
			files = (
				504B726F1B71A64900D446DC /* Info.plist in Resources */,
			);
			runOnlyForDeploymentPostprocessing = 0;
		};
/* End PBXResourcesBuildPhase section */

/* Begin PBXSourcesBuildPhase section */
		504B71E61B719D9200D446DC /* Sources */ = {
			isa = PBXSourcesBuildPhase;
			buildActionMask = 2147483647;
			files = (
				504B72741B71A64900D446DC /* MASConstraintMaker.m in Sources */,
				504B72211B71A30000D446DC /* WWHMainViewController.m in Sources */,
				504B71F31B719D9200D446DC /* AppDelegate.m in Sources */,
				504B72721B71A64900D446DC /* MASConstraint.m in Sources */,
				504B72821B71A64900D446DC /* ViewController+MASAdditions.m in Sources */,
				504B72761B71A64900D446DC /* MASLayoutConstraint.m in Sources */,
				504B727C1B71A64900D446DC /* NSArray+MASAdditions.m in Sources */,
				504B727A1B71A64900D446DC /* MASViewConstraint.m in Sources */,
				504B72781B71A64900D446DC /* MASViewAttribute.m in Sources */,
				504B72801B71A64900D446DC /* View+MASAdditions.m in Sources */,
				504B721E1B71A2D700D446DC /* WWHLoginViewController.m in Sources */,
				504B71F01B719D9200D446DC /* main.m in Sources */,
				504B72701B71A64900D446DC /* MASCompositeConstraint.m in Sources */,
				504B727E1B71A64900D446DC /* NSLayoutConstraint+MASDebugAdditions.m in Sources */,
			);
			runOnlyForDeploymentPostprocessing = 0;
		};
		504B71FF1B719D9200D446DC /* Sources */ = {
			isa = PBXSourcesBuildPhase;
			buildActionMask = 2147483647;
			files = (
				504B72711B71A64900D446DC /* MASCompositeConstraint.m in Sources */,
				504B72751B71A64900D446DC /* MASConstraintMaker.m in Sources */,
				504B727F1B71A64900D446DC /* NSLayoutConstraint+MASDebugAdditions.m in Sources */,
				504B72771B71A64900D446DC /* MASLayoutConstraint.m in Sources */,
				504B720A1B719D9200D446DC /* WWHLoginViewControllerDemoTests.m in Sources */,
				504B72831B71A64900D446DC /* ViewController+MASAdditions.m in Sources */,
				504B727D1B71A64900D446DC /* NSArray+MASAdditions.m in Sources */,
				504B727B1B71A64900D446DC /* MASViewConstraint.m in Sources */,
				504B72731B71A64900D446DC /* MASConstraint.m in Sources */,
				504B72811B71A64900D446DC /* View+MASAdditions.m in Sources */,
				504B72791B71A64900D446DC /* MASViewAttribute.m in Sources */,
			);
			runOnlyForDeploymentPostprocessing = 0;
		};
/* End PBXSourcesBuildPhase section */

/* Begin PBXTargetDependency section */
		504B72051B719D9200D446DC /* PBXTargetDependency */ = {
			isa = PBXTargetDependency;
			target = 504B71E91B719D9200D446DC /* WWHLoginViewControllerDemo */;
			targetProxy = 504B72041B719D9200D446DC /* PBXContainerItemProxy */;
		};
/* End PBXTargetDependency section */

/* Begin PBXVariantGroup section */
		504B71F71B719D9200D446DC /* Main.storyboard */ = {
			isa = PBXVariantGroup;
			children = (
				504B71F81B719D9200D446DC /* Base */,
			);
			name = Main.storyboard;
			sourceTree = "<group>";
		};
		504B71FC1B719D9200D446DC /* LaunchScreen.xib */ = {
			isa = PBXVariantGroup;
			children = (
				504B71FD1B719D9200D446DC /* Base */,
			);
			name = LaunchScreen.xib;
			sourceTree = "<group>";
		};
/* End PBXVariantGroup section */

/* Begin XCBuildConfiguration section */
		504B720B1B719D9200D446DC /* Debug */ = {
			isa = XCBuildConfiguration;
			buildSettings = {
				ALWAYS_SEARCH_USER_PATHS = NO;
				CLANG_CXX_LANGUAGE_STANDARD = "gnu++0x";
				CLANG_CXX_LIBRARY = "libc++";
				CLANG_ENABLE_MODULES = YES;
				CLANG_ENABLE_OBJC_ARC = YES;
				CLANG_WARN_BOOL_CONVERSION = YES;
				CLANG_WARN_CONSTANT_CONVERSION = YES;
				CLANG_WARN_DIRECT_OBJC_ISA_USAGE = YES_ERROR;
				CLANG_WARN_EMPTY_BODY = YES;
				CLANG_WARN_ENUM_CONVERSION = YES;
				CLANG_WARN_INT_CONVERSION = YES;
				CLANG_WARN_OBJC_ROOT_CLASS = YES_ERROR;
				CLANG_WARN_UNREACHABLE_CODE = YES;
				CLANG_WARN__DUPLICATE_METHOD_MATCH = YES;
				"CODE_SIGN_IDENTITY[sdk=iphoneos*]" = "iPhone Developer";
				COPY_PHASE_STRIP = NO;
				DEBUG_INFORMATION_FORMAT = "dwarf-with-dsym";
				ENABLE_STRICT_OBJC_MSGSEND = YES;
				GCC_C_LANGUAGE_STANDARD = gnu99;
				GCC_DYNAMIC_NO_PIC = NO;
				GCC_NO_COMMON_BLOCKS = YES;
				GCC_OPTIMIZATION_LEVEL = 0;
				GCC_PREPROCESSOR_DEFINITIONS = (
					"DEBUG=1",
					"$(inherited)",
				);
				GCC_SYMBOLS_PRIVATE_EXTERN = NO;
				GCC_WARN_64_TO_32_BIT_CONVERSION = YES;
				GCC_WARN_ABOUT_RETURN_TYPE = YES_ERROR;
				GCC_WARN_UNDECLARED_SELECTOR = YES;
				GCC_WARN_UNINITIALIZED_AUTOS = YES_AGGRESSIVE;
				GCC_WARN_UNUSED_FUNCTION = YES;
				GCC_WARN_UNUSED_VARIABLE = YES;
				IPHONEOS_DEPLOYMENT_TARGET = 8.4;
				MTL_ENABLE_DEBUG_INFO = YES;
				ONLY_ACTIVE_ARCH = YES;
				SDKROOT = iphoneos;
			};
			name = Debug;
		};
		504B720C1B719D9200D446DC /* Release */ = {
			isa = XCBuildConfiguration;
			buildSettings = {
				ALWAYS_SEARCH_USER_PATHS = NO;
				CLANG_CXX_LANGUAGE_STANDARD = "gnu++0x";
				CLANG_CXX_LIBRARY = "libc++";
				CLANG_ENABLE_MODULES = YES;
				CLANG_ENABLE_OBJC_ARC = YES;
				CLANG_WARN_BOOL_CONVERSION = YES;
				CLANG_WARN_CONSTANT_CONVERSION = YES;
				CLANG_WARN_DIRECT_OBJC_ISA_USAGE = YES_ERROR;
				CLANG_WARN_EMPTY_BODY = YES;
				CLANG_WARN_ENUM_CONVERSION = YES;
				CLANG_WARN_INT_CONVERSION = YES;
				CLANG_WARN_OBJC_ROOT_CLASS = YES_ERROR;
				CLANG_WARN_UNREACHABLE_CODE = YES;
				CLANG_WARN__DUPLICATE_METHOD_MATCH = YES;
				"CODE_SIGN_IDENTITY[sdk=iphoneos*]" = "iPhone Developer";
				COPY_PHASE_STRIP = NO;
				DEBUG_INFORMATION_FORMAT = "dwarf-with-dsym";
				ENABLE_NS_ASSERTIONS = NO;
				ENABLE_STRICT_OBJC_MSGSEND = YES;
				GCC_C_LANGUAGE_STANDARD = gnu99;
				GCC_NO_COMMON_BLOCKS = YES;
				GCC_WARN_64_TO_32_BIT_CONVERSION = YES;
				GCC_WARN_ABOUT_RETURN_TYPE = YES_ERROR;
				GCC_WARN_UNDECLARED_SELECTOR = YES;
				GCC_WARN_UNINITIALIZED_AUTOS = YES_AGGRESSIVE;
				GCC_WARN_UNUSED_FUNCTION = YES;
				GCC_WARN_UNUSED_VARIABLE = YES;
				IPHONEOS_DEPLOYMENT_TARGET = 8.4;
				MTL_ENABLE_DEBUG_INFO = NO;
				SDKROOT = iphoneos;
				VALIDATE_PRODUCT = YES;
			};
			name = Release;
		};
		504B720E1B719D9200D446DC /* Debug */ = {
			isa = XCBuildConfiguration;
			buildSettings = {
				ASSETCATALOG_COMPILER_APPICON_NAME = AppIcon;
				HEADER_SEARCH_PATHS = (
					"$(inherited)",
					/Applications/Xcode.app/Contents/Developer/Toolchains/XcodeDefault.xctoolchain/usr/include,
					"$(SRCROOT)",
				);
				INFOPLIST_FILE = WWHLoginViewControllerDemo/Info.plist;
				LD_RUNPATH_SEARCH_PATHS = "$(inherited) @executable_path/Frameworks";
				PRODUCT_NAME = "$(TARGET_NAME)";
			};
			name = Debug;
		};
		504B720F1B719D9200D446DC /* Release */ = {
			isa = XCBuildConfiguration;
			buildSettings = {
				ASSETCATALOG_COMPILER_APPICON_NAME = AppIcon;
				HEADER_SEARCH_PATHS = (
					"$(inherited)",
					/Applications/Xcode.app/Contents/Developer/Toolchains/XcodeDefault.xctoolchain/usr/include,
					"$(SRCROOT)",
				);
				INFOPLIST_FILE = WWHLoginViewControllerDemo/Info.plist;
				LD_RUNPATH_SEARCH_PATHS = "$(inherited) @executable_path/Frameworks";
				PRODUCT_NAME = "$(TARGET_NAME)";
			};
			name = Release;
		};
		504B72111B719D9200D446DC /* Debug */ = {
			isa = XCBuildConfiguration;
			buildSettings = {
				BUNDLE_LOADER = "$(TEST_HOST)";
				FRAMEWORK_SEARCH_PATHS = (
					"$(SDKROOT)/Developer/Library/Frameworks",
					"$(inherited)",
				);
				GCC_PREPROCESSOR_DEFINITIONS = (
					"DEBUG=1",
					"$(inherited)",
				);
				INFOPLIST_FILE = WWHLoginViewControllerDemoTests/Info.plist;
				LD_RUNPATH_SEARCH_PATHS = "$(inherited) @executable_path/Frameworks @loader_path/Frameworks";
				PRODUCT_NAME = "$(TARGET_NAME)";
				TEST_HOST = "$(BUILT_PRODUCTS_DIR)/WWHLoginViewControllerDemo.app/WWHLoginViewControllerDemo";
			};
			name = Debug;
		};
		504B72121B719D9200D446DC /* Release */ = {
			isa = XCBuildConfiguration;
			buildSettings = {
				BUNDLE_LOADER = "$(TEST_HOST)";
				FRAMEWORK_SEARCH_PATHS = (
					"$(SDKROOT)/Developer/Library/Frameworks",
					"$(inherited)",
				);
				INFOPLIST_FILE = WWHLoginViewControllerDemoTests/Info.plist;
				LD_RUNPATH_SEARCH_PATHS = "$(inherited) @executable_path/Frameworks @loader_path/Frameworks";
				PRODUCT_NAME = "$(TARGET_NAME)";
				TEST_HOST = "$(BUILT_PRODUCTS_DIR)/WWHLoginViewControllerDemo.app/WWHLoginViewControllerDemo";
			};
			name = Release;
		};
/* End XCBuildConfiguration section */

/* Begin XCConfigurationList section */
		504B71E51B719D9200D446DC /* Build configuration list for PBXProject "WWHLoginViewControllerDemo" */ = {
			isa = XCConfigurationList;
			buildConfigurations = (
				504B720B1B719D9200D446DC /* Debug */,
				504B720C1B719D9200D446DC /* Release */,
			);
			defaultConfigurationIsVisible = 0;
			defaultConfigurationName = Release;
		};
		504B720D1B719D9200D446DC /* Build configuration list for PBXNativeTarget "WWHLoginViewControllerDemo" */ = {
			isa = XCConfigurationList;
			buildConfigurations = (
				504B720E1B719D9200D446DC /* Debug */,
				504B720F1B719D9200D446DC /* Release */,
			);
			defaultConfigurationIsVisible = 0;
		};
		504B72101B719D9200D446DC /* Build configuration list for PBXNativeTarget "WWHLoginViewControllerDemoTests" */ = {
			isa = XCConfigurationList;
			buildConfigurations = (
				504B72111B719D9200D446DC /* Debug */,
				504B72121B719D9200D446DC /* Release */,
			);
			defaultConfigurationIsVisible = 0;
		};
/* End XCConfigurationList section */
	};
	rootObject = 504B71E21B719D9200D446DC /* Project object */;
}
