// !$*UTF8*$!
{
	archiveVersion = 1;
	classes = {
	};
	objectVersion = 46;
	objects = {

/* Begin PBXBuildFile section */
		503D868F1B6F8A64001A679B /* main.m in Sources */ = {isa = PBXBuildFile; fileRef = 503D868E1B6F8A64001A679B /* main.m */; };
		503D86921B6F8A64001A679B /* AppDelegate.m in Sources */ = {isa = PBXBuildFile; fileRef = 503D86911B6F8A64001A679B /* AppDelegate.m */; };
		503D86951B6F8A64001A679B /* ViewController.m in Sources */ = {isa = PBXBuildFile; fileRef = 503D86941B6F8A64001A679B /* ViewController.m */; };
		503D869A1B6F8A64001A679B /* Images.xcassets in Resources */ = {isa = PBXBuildFile; fileRef = 503D86991B6F8A64001A679B /* Images.xcassets */; };
		503D869D1B6F8A64001A679B /* LaunchScreen.xib in Resources */ = {isa = PBXBuildFile; fileRef = 503D869B1B6F8A64001A679B /* LaunchScreen.xib */; };
		503D86A91B6F8A64001A679B /* WWHHelloIosTests.m in Sources */ = {isa = PBXBuildFile; fileRef = 503D86A81B6F8A64001A679B /* WWHHelloIosTests.m */; };
/* End PBXBuildFile section */

/* Begin PBXContainerItemProxy section */
		503D86A31B6F8A64001A679B /* PBXContainerItemProxy */ = {
			isa = PBXContainerItemProxy;
			containerPortal = 503D86811B6F8A64001A679B /* Project object */;
			proxyType = 1;
			remoteGlobalIDString = 503D86881B6F8A64001A679B;
			remoteInfo = WWHHelloIos;
		};
/* End PBXContainerItemProxy section */

/* Begin PBXFileReference section */
		503D86891B6F8A64001A679B /* WWHHelloIos.app */ = {isa = PBXFileReference; explicitFileType = wrapper.application; includeInIndex = 0; path = WWHHelloIos.app; sourceTree = BUILT_PRODUCTS_DIR; };
		503D868D1B6F8A64001A679B /* Info.plist */ = {isa = PBXFileReference; lastKnownFileType = text.plist.xml; path = Info.plist; sourceTree = "<group>"; };
		503D868E1B6F8A64001A679B /* main.m */ = {isa = PBXFileReference; lastKnownFileType = sourcecode.c.objc; path = main.m; sourceTree = "<group>"; };
		503D86901B6F8A64001A679B /* AppDelegate.h */ = {isa = PBXFileReference; lastKnownFileType = sourcecode.c.h; path = AppDelegate.h; sourceTree = "<group>"; };
		503D86911B6F8A64001A679B /* AppDelegate.m */ = {isa = PBXFileReference; lastKnownFileType = sourcecode.c.objc; path = AppDelegate.m; sourceTree = "<group>"; };
		503D86931B6F8A64001A679B /* ViewController.h */ = {isa = PBXFileReference; lastKnownFileType = sourcecode.c.h; path = ViewController.h; sourceTree = "<group>"; };
		503D86941B6F8A64001A679B /* ViewController.m */ = {isa = PBXFileReference; lastKnownFileType = sourcecode.c.objc; path = ViewController.m; sourceTree = "<group>"; };
		503D86991B6F8A64001A679B /* Images.xcassets */ = {isa = PBXFileReference; lastKnownFileType = folder.assetcatalog; path = Images.xcassets; sourceTree = "<group>"; };
		503D869C1B6F8A64001A679B /* Base */ = {isa = PBXFileReference; lastKnownFileType = file.xib; name = Base; path = Base.lproj/LaunchScreen.xib; sourceTree = "<group>"; };
		503D86A21B6F8A64001A679B /* WWHHelloIosTests.xctest */ = {isa = PBXFileReference; explicitFileType = wrapper.cfbundle; includeInIndex = 0; path = WWHHelloIosTests.xctest; sourceTree = BUILT_PRODUCTS_DIR; };
		503D86A71B6F8A64001A679B /* Info.plist */ = {isa = PBXFileReference; lastKnownFileType = text.plist.xml; path = Info.plist; sourceTree = "<group>"; };
		503D86A81B6F8A64001A679B /* WWHHelloIosTests.m */ = {isa = PBXFileReference; lastKnownFileType = sourcecode.c.objc; path = WWHHelloIosTests.m; sourceTree = "<group>"; };
/* End PBXFileReference section */

/* Begin PBXFrameworksBuildPhase section */
		503D86861B6F8A64001A679B /* Frameworks */ = {
			isa = PBXFrameworksBuildPhase;
			buildActionMask = 2147483647;
			files = (
			);
			runOnlyForDeploymentPostprocessing = 0;
		};
		503D869F1B6F8A64001A679B /* Frameworks */ = {
			isa = PBXFrameworksBuildPhase;
			buildActionMask = 2147483647;
			files = (
			);
			runOnlyForDeploymentPostprocessing = 0;
		};
/* End PBXFrameworksBuildPhase section */

/* Begin PBXGroup section */
		503D86801B6F8A64001A679B = {
			isa = PBXGroup;
			children = (
				503D868B1B6F8A64001A679B /* WWHHelloIos */,
				503D86A51B6F8A64001A679B /* WWHHelloIosTests */,
				503D868A1B6F8A64001A679B /* Products */,
			);
			sourceTree = "<group>";
		};
		503D868A1B6F8A64001A679B /* Products */ = {
			isa = PBXGroup;
			children = (
				503D86891B6F8A64001A679B /* WWHHelloIos.app */,
				503D86A21B6F8A64001A679B /* WWHHelloIosTests.xctest */,
			);
			name = Products;
			sourceTree = "<group>";
		};
		503D868B1B6F8A64001A679B /* WWHHelloIos */ = {
			isa = PBXGroup;
			children = (
				503D86901B6F8A64001A679B /* AppDelegate.h */,
				503D86911B6F8A64001A679B /* AppDelegate.m */,
				503D86931B6F8A64001A679B /* ViewController.h */,
				503D86941B6F8A64001A679B /* ViewController.m */,
				503D86991B6F8A64001A679B /* Images.xcassets */,
				503D869B1B6F8A64001A679B /* LaunchScreen.xib */,
				503D868C1B6F8A64001A679B /* Supporting Files */,
			);
			path = WWHHelloIos;
			sourceTree = "<group>";
		};
		503D868C1B6F8A64001A679B /* Supporting Files */ = {
			isa = PBXGroup;
			children = (
				503D868D1B6F8A64001A679B /* Info.plist */,
				503D868E1B6F8A64001A679B /* main.m */,
			);
			name = "Supporting Files";
			sourceTree = "<group>";
		};
		503D86A51B6F8A64001A679B /* WWHHelloIosTests */ = {
			isa = PBXGroup;
			children = (
				503D86A81B6F8A64001A679B /* WWHHelloIosTests.m */,
				503D86A61B6F8A64001A679B /* Supporting Files */,
			);
			path = WWHHelloIosTests;
			sourceTree = "<group>";
		};
		503D86A61B6F8A64001A679B /* Supporting Files */ = {
			isa = PBXGroup;
			children = (
				503D86A71B6F8A64001A679B /* Info.plist */,
			);
			name = "Supporting Files";
			sourceTree = "<group>";
		};
/* End PBXGroup section */

/* Begin PBXNativeTarget section */
		503D86881B6F8A64001A679B /* WWHHelloIos */ = {
			isa = PBXNativeTarget;
			buildConfigurationList = 503D86AC1B6F8A64001A679B /* Build configuration list for PBXNativeTarget "WWHHelloIos" */;
			buildPhases = (
				503D86851B6F8A64001A679B /* Sources */,
				503D86861B6F8A64001A679B /* Frameworks */,
				503D86871B6F8A64001A679B /* Resources */,
			);
			buildRules = (
			);
			dependencies = (
			);
			name = WWHHelloIos;
			productName = WWHHelloIos;
			productReference = 503D86891B6F8A64001A679B /* WWHHelloIos.app */;
			productType = "com.apple.product-type.application";
		};
		503D86A11B6F8A64001A679B /* WWHHelloIosTests */ = {
			isa = PBXNativeTarget;
			buildConfigurationList = 503D86AF1B6F8A64001A679B /* Build configuration list for PBXNativeTarget "WWHHelloIosTests" */;
			buildPhases = (
				503D869E1B6F8A64001A679B /* Sources */,
				503D869F1B6F8A64001A679B /* Frameworks */,
				503D86A01B6F8A64001A679B /* Resources */,
			);
			buildRules = (
			);
			dependencies = (
				503D86A41B6F8A64001A679B /* PBXTargetDependency */,
			);
			name = WWHHelloIosTests;
			productName = WWHHelloIosTests;
			productReference = 503D86A21B6F8A64001A679B /* WWHHelloIosTests.xctest */;
			productType = "com.apple.product-type.bundle.unit-test";
		};
/* End PBXNativeTarget section */

/* Begin PBXProject section */
		503D86811B6F8A64001A679B /* Project object */ = {
			isa = PBXProject;
			attributes = {
				LastUpgradeCheck = 0640;
				ORGANIZATIONNAME = sj.com.wwh;
				TargetAttributes = {
					503D86881B6F8A64001A679B = {
						CreatedOnToolsVersion = 6.4;
						DevelopmentTeam = L3N6WAC9H6;
					};
					503D86A11B6F8A64001A679B = {
						CreatedOnToolsVersion = 6.4;
						TestTargetID = 503D86881B6F8A64001A679B;
					};
				};
			};
			buildConfigurationList = 503D86841B6F8A64001A679B /* Build configuration list for PBXProject "WWHHelloIos" */;
			compatibilityVersion = "Xcode 3.2";
			developmentRegion = English;
			hasScannedForEncodings = 0;
			knownRegions = (
				en,
				Base,
			);
			mainGroup = 503D86801B6F8A64001A679B;
			productRefGroup = 503D868A1B6F8A64001A679B /* Products */;
			projectDirPath = "";
			projectRoot = "";
			targets = (
				503D86881B6F8A64001A679B /* WWHHelloIos */,
				503D86A11B6F8A64001A679B /* WWHHelloIosTests */,
			);
		};
/* End PBXProject section */

/* Begin PBXResourcesBuildPhase section */
		503D86871B6F8A64001A679B /* Resources */ = {
			isa = PBXResourcesBuildPhase;
			buildActionMask = 2147483647;
			files = (
				503D869D1B6F8A64001A679B /* LaunchScreen.xib in Resources */,
				503D869A1B6F8A64001A679B /* Images.xcassets in Resources */,
			);
			runOnlyForDeploymentPostprocessing = 0;
		};
		503D86A01B6F8A64001A679B /* Resources */ = {
			isa = PBXResourcesBuildPhase;
			buildActionMask = 2147483647;
			files = (
			);
			runOnlyForDeploymentPostprocessing = 0;
		};
/* End PBXResourcesBuildPhase section */

/* Begin PBXSourcesBuildPhase section */
		503D86851B6F8A64001A679B /* Sources */ = {
			isa = PBXSourcesBuildPhase;
			buildActionMask = 2147483647;
			files = (
				503D86951B6F8A64001A679B /* ViewController.m in Sources */,
				503D86921B6F8A64001A679B /* AppDelegate.m in Sources */,
				503D868F1B6F8A64001A679B /* main.m in Sources */,
			);
			runOnlyForDeploymentPostprocessing = 0;
		};
		503D869E1B6F8A64001A679B /* Sources */ = {
			isa = PBXSourcesBuildPhase;
			buildActionMask = 2147483647;
			files = (
				503D86A91B6F8A64001A679B /* WWHHelloIosTests.m in Sources */,
			);
			runOnlyForDeploymentPostprocessing = 0;
		};
/* End PBXSourcesBuildPhase section */

/* Begin PBXTargetDependency section */
		503D86A41B6F8A64001A679B /* PBXTargetDependency */ = {
			isa = PBXTargetDependency;
			target = 503D86881B6F8A64001A679B /* WWHHelloIos */;
			targetProxy = 503D86A31B6F8A64001A679B /* PBXContainerItemProxy */;
		};
/* End PBXTargetDependency section */

/* Begin PBXVariantGroup section */
		503D869B1B6F8A64001A679B /* LaunchScreen.xib */ = {
			isa = PBXVariantGroup;
			children = (
				503D869C1B6F8A64001A679B /* Base */,
			);
			name = LaunchScreen.xib;
			sourceTree = "<group>";
		};
/* End PBXVariantGroup section */

/* Begin XCBuildConfiguration section */
		503D86AA1B6F8A64001A679B /* Debug */ = {
			isa = XCBuildConfiguration;
			buildSettings = {
				ALWAYS_SEARCH_USER_PATHS = NO;
				CLANG_CXX_LANGUAGE_STANDARD = "gnu++0x";
				CLANG_CXX_LIBRARY = "libc++";
				CLANG_ENABLE_MODULES = YES;
				CLANG_ENABLE_OBJC_ARC = YES;
				CLANG_WARN_BOOL_CONVERSION = YES;
				CLANG_WARN_CONSTANT_CONVERSION = YES;
				CLANG_WARN_DIRECT_OBJC_ISA_USAGE = YES_ERROR;
				CLANG_WARN_EMPTY_BODY = YES;
				CLANG_WARN_ENUM_CONVERSION = YES;
				CLANG_WARN_INT_CONVERSION = YES;
				CLANG_WARN_OBJC_ROOT_CLASS = YES_ERROR;
				CLANG_WARN_UNREACHABLE_CODE = YES;
				CLANG_WARN__DUPLICATE_METHOD_MATCH = YES;
				"CODE_SIGN_IDENTITY[sdk=iphoneos*]" = "iPhone Developer";
				COPY_PHASE_STRIP = NO;
				DEBUG_INFORMATION_FORMAT = "dwarf-with-dsym";
				ENABLE_STRICT_OBJC_MSGSEND = YES;
				GCC_C_LANGUAGE_STANDARD = gnu99;
				GCC_DYNAMIC_NO_PIC = NO;
				GCC_NO_COMMON_BLOCKS = YES;
				GCC_OPTIMIZATION_LEVEL = 0;
				GCC_PREPROCESSOR_DEFINITIONS = (
					"DEBUG=1",
					"$(inherited)",
				);
				GCC_SYMBOLS_PRIVATE_EXTERN = NO;
				GCC_WARN_64_TO_32_BIT_CONVERSION = YES;
				GCC_WARN_ABOUT_RETURN_TYPE = YES_ERROR;
				GCC_WARN_UNDECLARED_SELECTOR = YES;
				GCC_WARN_UNINITIALIZED_AUTOS = YES_AGGRESSIVE;
				GCC_WARN_UNUSED_FUNCTION = YES;
				GCC_WARN_UNUSED_VARIABLE = YES;
				IPHONEOS_DEPLOYMENT_TARGET = 8.4;
				MTL_ENABLE_DEBUG_INFO = YES;
				ONLY_ACTIVE_ARCH = YES;
				SDKROOT = iphoneos;
			};
			name = Debug;
		};
		503D86AB1B6F8A64001A679B /* Release */ = {
			isa = XCBuildConfiguration;
			buildSettings = {
				ALWAYS_SEARCH_USER_PATHS = NO;
				CLANG_CXX_LANGUAGE_STANDARD = "gnu++0x";
				CLANG_CXX_LIBRARY = "libc++";
				CLANG_ENABLE_MODULES = YES;
				CLANG_ENABLE_OBJC_ARC = YES;
				CLANG_WARN_BOOL_CONVERSION = YES;
				CLANG_WARN_CONSTANT_CONVERSION = YES;
				CLANG_WARN_DIRECT_OBJC_ISA_USAGE = YES_ERROR;
				CLANG_WARN_EMPTY_BODY = YES;
				CLANG_WARN_ENUM_CONVERSION = YES;
				CLANG_WARN_INT_CONVERSION = YES;
				CLANG_WARN_OBJC_ROOT_CLASS = YES_ERROR;
				CLANG_WARN_UNREACHABLE_CODE = YES;
				CLANG_WARN__DUPLICATE_METHOD_MATCH = YES;
				"CODE_SIGN_IDENTITY[sdk=iphoneos*]" = "iPhone Developer";
				COPY_PHASE_STRIP = NO;
				DEBUG_INFORMATION_FORMAT = "dwarf-with-dsym";
				ENABLE_NS_ASSERTIONS = NO;
				ENABLE_STRICT_OBJC_MSGSEND = YES;
				GCC_C_LANGUAGE_STANDARD = gnu99;
				GCC_NO_COMMON_BLOCKS = YES;
				GCC_WARN_64_TO_32_BIT_CONVERSION = YES;
				GCC_WARN_ABOUT_RETURN_TYPE = YES_ERROR;
				GCC_WARN_UNDECLARED_SELECTOR = YES;
				GCC_WARN_UNINITIALIZED_AUTOS = YES_AGGRESSIVE;
				GCC_WARN_UNUSED_FUNCTION = YES;
				GCC_WARN_UNUSED_VARIABLE = YES;
				IPHONEOS_DEPLOYMENT_TARGET = 8.4;
				MTL_ENABLE_DEBUG_INFO = NO;
				SDKROOT = iphoneos;
				VALIDATE_PRODUCT = YES;
			};
			name = Release;
		};
		503D86AD1B6F8A64001A679B /* Debug */ = {
			isa = XCBuildConfiguration;
			buildSettings = {
				ASSETCATALOG_COMPILER_APPICON_NAME = AppIcon;
				CODE_SIGN_IDENTITY = "iPhone Developer";
				INFOPLIST_FILE = WWHHelloIos/Info.plist;
				LD_RUNPATH_SEARCH_PATHS = "$(inherited) @executable_path/Frameworks";
				PRODUCT_NAME = "$(TARGET_NAME)";
			};
			name = Debug;
		};
		503D86AE1B6F8A64001A679B /* Release */ = {
			isa = XCBuildConfiguration;
			buildSettings = {
				ASSETCATALOG_COMPILER_APPICON_NAME = AppIcon;
				CODE_SIGN_IDENTITY = "iPhone Developer";
				INFOPLIST_FILE = WWHHelloIos/Info.plist;
				LD_RUNPATH_SEARCH_PATHS = "$(inherited) @executable_path/Frameworks";
				PRODUCT_NAME = "$(TARGET_NAME)";
			};
			name = Release;
		};
		503D86B01B6F8A64001A679B /* Debug */ = {
			isa = XCBuildConfiguration;
			buildSettings = {
				BUNDLE_LOADER = "$(TEST_HOST)";
				FRAMEWORK_SEARCH_PATHS = (
					"$(SDKROOT)/Developer/Library/Frameworks",
					"$(inherited)",
				);
				GCC_PREPROCESSOR_DEFINITIONS = (
					"DEBUG=1",
					"$(inherited)",
				);
				INFOPLIST_FILE = WWHHelloIosTests/Info.plist;
				LD_RUNPATH_SEARCH_PATHS = "$(inherited) @executable_path/Frameworks @loader_path/Frameworks";
				PRODUCT_NAME = "$(TARGET_NAME)";
				TEST_HOST = "$(BUILT_PRODUCTS_DIR)/WWHHelloIos.app/WWHHelloIos";
			};
			name = Debug;
		};
		503D86B11B6F8A64001A679B /* Release */ = {
			isa = XCBuildConfiguration;
			buildSettings = {
				BUNDLE_LOADER = "$(TEST_HOST)";
				FRAMEWORK_SEARCH_PATHS = (
					"$(SDKROOT)/Developer/Library/Frameworks",
					"$(inherited)",
				);
				INFOPLIST_FILE = WWHHelloIosTests/Info.plist;
				LD_RUNPATH_SEARCH_PATHS = "$(inherited) @executable_path/Frameworks @loader_path/Frameworks";
				PRODUCT_NAME = "$(TARGET_NAME)";
				TEST_HOST = "$(BUILT_PRODUCTS_DIR)/WWHHelloIos.app/WWHHelloIos";
			};
			name = Release;
		};
/* End XCBuildConfiguration section */

/* Begin XCConfigurationList section */
		503D86841B6F8A64001A679B /* Build configuration list for PBXProject "WWHHelloIos" */ = {
			isa = XCConfigurationList;
			buildConfigurations = (
				503D86AA1B6F8A64001A679B /* Debug */,
				503D86AB1B6F8A64001A679B /* Release */,
			);
			defaultConfigurationIsVisible = 0;
			defaultConfigurationName = Release;
		};
		503D86AC1B6F8A64001A679B /* Build configuration list for PBXNativeTarget "WWHHelloIos" */ = {
			isa = XCConfigurationList;
			buildConfigurations = (
				503D86AD1B6F8A64001A679B /* Debug */,
				503D86AE1B6F8A64001A679B /* Release */,
			);
			defaultConfigurationIsVisible = 0;
			defaultConfigurationName = Release;
		};
		503D86AF1B6F8A64001A679B /* Build configuration list for PBXNativeTarget "WWHHelloIosTests" */ = {
			isa = XCConfigurationList;
			buildConfigurations = (
				503D86B01B6F8A64001A679B /* Debug */,
				503D86B11B6F8A64001A679B /* Release */,
			);
			defaultConfigurationIsVisible = 0;
			defaultConfigurationName = Release;
		};
/* End XCConfigurationList section */
	};
	rootObject = 503D86811B6F8A64001A679B /* Project object */;
}
